
Microsoft Visual Studio Solution File, Format Version 12.00
# Visual Studio 15
VisualStudioVersion = 15.0.28010.2036
MinimumVisualStudioVersion = 10.0.40219.1
Project("{FAE04EC0-301F-11D3-BF4B-00C04F79EFBC}") = "RawForms", "RawForms\RawForms.csproj", "{F32174A7-8210-46E5-A766-BF7F0168C69F}"
EndProject
Global
	GlobalSection(SolutionConfigurationPlatforms) = preSolution
		Debug|Any CPU = Debug|Any CPU
		Release|Any CPU = Release|Any CPU
	EndGlobalSection
	GlobalSection(ProjectConfigurationPlatforms) = postSolution
		{F32174A7-8210-46E5-A766-BF7F0168C69F}.Debug|Any CPU.ActiveCfg = Debug|Any CPU
		{F32174A7-8210-46E5-A766-BF7F0168C69F}.Debug|Any CPU.Build.0 = Debug|Any CPU
		{F32174A7-8210-46E5-A766-BF7F0168C69F}.Release|Any CPU.ActiveCfg = Release|Any CPU
		{F32174A7-8210-46E5-A766-BF7F0168C69F}.Release|Any CPU.Build.0 = Release|Any CPU
	EndGlobalSection
	GlobalSection(SolutionProperties) = preSolution
		HideSolutionNode = FALSE
	EndGlobalSection
	GlobalSection(ExtensibilityGlobals) = postSolution
		SolutionGuid = {7A2D4E73-DB60-4794-9C10-BA63C4A37C6E}
	EndGlobalSection
EndGlobal
